
Microsoft Visual Studio Solution File, Format Version 12.00
# Visual Studio 15
VisualStudioVersion = 15.0.26403.7
MinimumVisualStudioVersion = 10.0.40219.1
Project("{FAE04EC0-301F-11D3-BF4B-00C04F79EFBC}") = "Akeneo", "src\Akeneo\Akeneo.csproj", "{79E0C9CD-12F4-4FE0-9D5D-C656FBC59BC4}"
EndProject
Project("{FAE04EC0-301F-11D3-BF4B-00C04F79EFBC}") = "Akeneo.IntegrationTests", "tests\Akeneo.IntegrationTests\Akeneo.IntegrationTests.csproj", "{46F841AA-D7D5-447B-A0AB-DB968AFA8B3A}"
EndProject
Project("{FAE04EC0-301F-11D3-BF4B-00C04F79EFBC}") = "Akeneo.Tests", "tests\Akeneo.Tests\Akeneo.Tests.csproj", "{7E5820FD-4AAD-4CDD-B78C-0735A01535E8}"
EndProject
Global
	GlobalSection(SolutionConfigurationPlatforms) = preSolution
		Debug|Any CPU = Debug|Any CPU
		Release|Any CPU = Release|Any CPU
	EndGlobalSection
	GlobalSection(ProjectConfigurationPlatforms) = postSolution
		{79E0C9CD-12F4-4FE0-9D5D-C656FBC59BC4}.Debug|Any CPU.ActiveCfg = Debug|Any CPU
		{79E0C9CD-12F4-4FE0-9D5D-C656FBC59BC4}.Debug|Any CPU.Build.0 = Debug|Any CPU
		{79E0C9CD-12F4-4FE0-9D5D-C656FBC59BC4}.Release|Any CPU.ActiveCfg = Release|Any CPU
		{79E0C9CD-12F4-4FE0-9D5D-C656FBC59BC4}.Release|Any CPU.Build.0 = Release|Any CPU
		{46F841AA-D7D5-447B-A0AB-DB968AFA8B3A}.Debug|Any CPU.ActiveCfg = Debug|Any CPU
		{46F841AA-D7D5-447B-A0AB-DB968AFA8B3A}.Debug|Any CPU.Build.0 = Debug|Any CPU
		{46F841AA-D7D5-447B-A0AB-DB968AFA8B3A}.Release|Any CPU.ActiveCfg = Release|Any CPU
		{46F841AA-D7D5-447B-A0AB-DB968AFA8B3A}.Release|Any CPU.Build.0 = Release|Any CPU
		{7E5820FD-4AAD-4CDD-B78C-0735A01535E8}.Debug|Any CPU.ActiveCfg = Debug|Any CPU
		{7E5820FD-4AAD-4CDD-B78C-0735A01535E8}.Debug|Any CPU.Build.0 = Debug|Any CPU
		{7E5820FD-4AAD-4CDD-B78C-0735A01535E8}.Release|Any CPU.ActiveCfg = Release|Any CPU
		{7E5820FD-4AAD-4CDD-B78C-0735A01535E8}.Release|Any CPU.Build.0 = Release|Any CPU
	EndGlobalSection
	GlobalSection(SolutionProperties) = preSolution
		HideSolutionNode = FALSE
	EndGlobalSection
EndGlobal
